// !$*UTF8*$!
{
	archiveVersion = 1;
	classes = {
	};
	objectVersion = 56;
	objects = {

/* Begin PBXBuildFile section */
		F387CEFE2A010EBC0084AD4E /* AppDelegate.swift in Sources */ = {isa = PBXBuildFile; fileRef = F387CEFD2A010EBC0084AD4E /* AppDelegate.swift */; };
		F387CF002A010EBC0084AD4E /* SceneDelegate.swift in Sources */ = {isa = PBXBuildFile; fileRef = F387CEFF2A010EBC0084AD4E /* SceneDelegate.swift */; };
		F387CF022A010EBC0084AD4E /* ViewController.swift in Sources */ = {isa = PBXBuildFile; fileRef = F387CF012A010EBC0084AD4E /* ViewController.swift */; };
		F387CF072A010EBE0084AD4E /* Assets.xcassets in Resources */ = {isa = PBXBuildFile; fileRef = F387CF062A010EBE0084AD4E /* Assets.xcassets */; };
		F387CF0A2A010EBE0084AD4E /* LaunchScreen.storyboard in Resources */ = {isa = PBXBuildFile; fileRef = F387CF082A010EBE0084AD4E /* LaunchScreen.storyboard */; };
		F39C87D52A011CA600F6C6F7 /* Main.storyboard in Resources */ = {isa = PBXBuildFile; fileRef = F39C87D42A011CA600F6C6F7 /* Main.storyboard */; };
		F39C87D72A011DF200F6C6F7 /* TabBarViewController.swift in Sources */ = {isa = PBXBuildFile; fileRef = F39C87D62A011DF200F6C6F7 /* TabBarViewController.swift */; };
		F39C87D92A01201600F6C6F7 /* Menu.storyboard in Resources */ = {isa = PBXBuildFile; fileRef = F39C87D82A01201600F6C6F7 /* Menu.storyboard */; };
		F39C87DD2A0124C000F6C6F7 /* MenuListViewController.swift in Sources */ = {isa = PBXBuildFile; fileRef = F39C87DC2A0124C000F6C6F7 /* MenuListViewController.swift */; };
		F39C87DF2A0129A200F6C6F7 /* MenuCafe.swift in Sources */ = {isa = PBXBuildFile; fileRef = F39C87DE2A0129A200F6C6F7 /* MenuCafe.swift */; };
		F39C87E92A014F1C00F6C6F7 /* MenuDetailsViewController.swift in Sources */ = {isa = PBXBuildFile; fileRef = F39C87E82A014F1C00F6C6F7 /* MenuDetailsViewController.swift */; };
		F39C87EF2A01981C00F6C6F7 /* CartStoryboard.storyboard in Resources */ = {isa = PBXBuildFile; fileRef = F39C87EE2A01981C00F6C6F7 /* CartStoryboard.storyboard */; };
		F39C87F12A01984700F6C6F7 /* CartViewController.swift in Sources */ = {isa = PBXBuildFile; fileRef = F39C87F02A01984700F6C6F7 /* CartViewController.swift */; };
/* End PBXBuildFile section */

/* Begin PBXFileReference section */
		F387CEFA2A010EBC0084AD4E /* SBCafe.app */ = {isa = PBXFileReference; explicitFileType = wrapper.application; includeInIndex = 0; path = SBCafe.app; sourceTree = BUILT_PRODUCTS_DIR; };
		F387CEFD2A010EBC0084AD4E /* AppDelegate.swift */ = {isa = PBXFileReference; lastKnownFileType = sourcecode.swift; path = AppDelegate.swift; sourceTree = "<group>"; };
		F387CEFF2A010EBC0084AD4E /* SceneDelegate.swift */ = {isa = PBXFileReference; lastKnownFileType = sourcecode.swift; path = SceneDelegate.swift; sourceTree = "<group>"; };
		F387CF012A010EBC0084AD4E /* ViewController.swift */ = {isa = PBXFileReference; lastKnownFileType = sourcecode.swift; path = ViewController.swift; sourceTree = "<group>"; };
		F387CF062A010EBE0084AD4E /* Assets.xcassets */ = {isa = PBXFileReference; lastKnownFileType = folder.assetcatalog; path = Assets.xcassets; sourceTree = "<group>"; };
		F387CF092A010EBE0084AD4E /* Base */ = {isa = PBXFileReference; lastKnownFileType = file.storyboard; name = Base; path = Base.lproj/LaunchScreen.storyboard; sourceTree = "<group>"; };
		F387CF0B2A010EBE0084AD4E /* Info.plist */ = {isa = PBXFileReference; lastKnownFileType = text.plist.xml; path = Info.plist; sourceTree = "<group>"; };
		F39C87D42A011CA600F6C6F7 /* Main.storyboard */ = {isa = PBXFileReference; lastKnownFileType = file.storyboard; path = Main.storyboard; sourceTree = "<group>"; };
		F39C87D62A011DF200F6C6F7 /* TabBarViewController.swift */ = {isa = PBXFileReference; lastKnownFileType = sourcecode.swift; path = TabBarViewController.swift; sourceTree = "<group>"; };
		F39C87D82A01201600F6C6F7 /* Menu.storyboard */ = {isa = PBXFileReference; lastKnownFileType = file.storyboard; path = Menu.storyboard; sourceTree = "<group>"; };
		F39C87DC2A0124C000F6C6F7 /* MenuListViewController.swift */ = {isa = PBXFileReference; lastKnownFileType = sourcecode.swift; path = MenuListViewController.swift; sourceTree = "<group>"; };
		F39C87DE2A0129A200F6C6F7 /* MenuCafe.swift */ = {isa = PBXFileReference; lastKnownFileType = sourcecode.swift; path = MenuCafe.swift; sourceTree = "<group>"; };
		F39C87E82A014F1C00F6C6F7 /* MenuDetailsViewController.swift */ = {isa = PBXFileReference; lastKnownFileType = sourcecode.swift; path = MenuDetailsViewController.swift; sourceTree = "<group>"; };
		F39C87EE2A01981C00F6C6F7 /* CartStoryboard.storyboard */ = {isa = PBXFileReference; lastKnownFileType = file.storyboard; path = CartStoryboard.storyboard; sourceTree = "<group>"; };
		F39C87F02A01984700F6C6F7 /* CartViewController.swift */ = {isa = PBXFileReference; lastKnownFileType = sourcecode.swift; path = CartViewController.swift; sourceTree = "<group>"; };
/* End PBXFileReference section */

/* Begin PBXFrameworksBuildPhase section */
		F387CEF72A010EBC0084AD4E /* Frameworks */ = {
			isa = PBXFrameworksBuildPhase;
			buildActionMask = 2147483647;
			files = (
			);
			runOnlyForDeploymentPostprocessing = 0;
		};
/* End PBXFrameworksBuildPhase section */

/* Begin PBXGroup section */
		F387CEF12A010EBC0084AD4E = {
			isa = PBXGroup;
			children = (
				F387CEFC2A010EBC0084AD4E /* SBCafe */,
				F387CEFB2A010EBC0084AD4E /* Products */,
			);
			sourceTree = "<group>";
		};
		F387CEFB2A010EBC0084AD4E /* Products */ = {
			isa = PBXGroup;
			children = (
				F387CEFA2A010EBC0084AD4E /* SBCafe.app */,
			);
			name = Products;
			sourceTree = "<group>";
		};
		F387CEFC2A010EBC0084AD4E /* SBCafe */ = {
			isa = PBXGroup;
			children = (
				F387CEFD2A010EBC0084AD4E /* AppDelegate.swift */,
				F387CEFF2A010EBC0084AD4E /* SceneDelegate.swift */,
				F387CF012A010EBC0084AD4E /* ViewController.swift */,
				F39C87E32A013DF200F6C6F7 /* Login */,
				F39C87E62A01479F00F6C6F7 /* HomeCafe */,
				F387CF172A0111080084AD4E /* MenuCafe */,
				F39C87E22A013DA200F6C6F7 /* CartCafe */,
				F39C87E72A0147D100F6C6F7 /* TeamCafe */,
				F39C87D42A011CA600F6C6F7 /* Main.storyboard */,
				F39C87EE2A01981C00F6C6F7 /* CartStoryboard.storyboard */,
				F39C87F02A01984700F6C6F7 /* CartViewController.swift */,
				F39C87D62A011DF200F6C6F7 /* TabBarViewController.swift */,
				F387CF082A010EBE0084AD4E /* LaunchScreen.storyboard */,
				F387CF062A010EBE0084AD4E /* Assets.xcassets */,
				F387CF0B2A010EBE0084AD4E /* Info.plist */,
			);
			path = SBCafe;
			sourceTree = "<group>";
		};
		F387CF172A0111080084AD4E /* MenuCafe */ = {
			isa = PBXGroup;
			children = (
				F39C87DC2A0124C000F6C6F7 /* MenuListViewController.swift */,
				F39C87DE2A0129A200F6C6F7 /* MenuCafe.swift */,
				F39C87E82A014F1C00F6C6F7 /* MenuDetailsViewController.swift */,
				F39C87D82A01201600F6C6F7 /* Menu.storyboard */,
			);
			path = MenuCafe;
			sourceTree = "<group>";
		};
		F39C87E22A013DA200F6C6F7 /* CartCafe */ = {
			isa = PBXGroup;
			children = (
			);
			path = CartCafe;
			sourceTree = "<group>";
		};
		F39C87E32A013DF200F6C6F7 /* Login */ = {
			isa = PBXGroup;
			children = (
			);
			path = Login;
			sourceTree = "<group>";
		};
		F39C87E62A01479F00F6C6F7 /* HomeCafe */ = {
			isa = PBXGroup;
			children = (
			);
			path = HomeCafe;
			sourceTree = "<group>";
		};
		F39C87E72A0147D100F6C6F7 /* TeamCafe */ = {
			isa = PBXGroup;
			children = (
			);
			path = TeamCafe;
			sourceTree = "<group>";
		};
/* End PBXGroup section */

/* Begin PBXNativeTarget section */
		F387CEF92A010EBC0084AD4E /* SBCafe */ = {
			isa = PBXNativeTarget;
			buildConfigurationList = F387CF0E2A010EBE0084AD4E /* Build configuration list for PBXNativeTarget "SBCafe" */;
			buildPhases = (
				F387CEF62A010EBC0084AD4E /* Sources */,
				F387CEF72A010EBC0084AD4E /* Frameworks */,
				F387CEF82A010EBC0084AD4E /* Resources */,
			);
			buildRules = (
			);
			dependencies = (
			);
			name = SBCafe;
			productName = SBCafe;
			productReference = F387CEFA2A010EBC0084AD4E /* SBCafe.app */;
			productType = "com.apple.product-type.application";
		};
/* End PBXNativeTarget section */

/* Begin PBXProject section */
		F387CEF22A010EBC0084AD4E /* Project object */ = {
			isa = PBXProject;
			attributes = {
				BuildIndependentTargetsInParallel = 1;
				LastSwiftUpdateCheck = 1430;
				LastUpgradeCheck = 1430;
				TargetAttributes = {
					F387CEF92A010EBC0084AD4E = {
						CreatedOnToolsVersion = 14.3;
					};
				};
			};
			buildConfigurationList = F387CEF52A010EBC0084AD4E /* Build configuration list for PBXProject "SBCafe" */;
			compatibilityVersion = "Xcode 14.0";
			developmentRegion = en;
			hasScannedForEncodings = 0;
			knownRegions = (
				en,
				Base,
			);
			mainGroup = F387CEF12A010EBC0084AD4E;
			productRefGroup = F387CEFB2A010EBC0084AD4E /* Products */;
			projectDirPath = "";
			projectRoot = "";
			targets = (
				F387CEF92A010EBC0084AD4E /* SBCafe */,
			);
		};
/* End PBXProject section */

/* Begin PBXResourcesBuildPhase section */
		F387CEF82A010EBC0084AD4E /* Resources */ = {
			isa = PBXResourcesBuildPhase;
			buildActionMask = 2147483647;
			files = (
				F39C87D52A011CA600F6C6F7 /* Main.storyboard in Resources */,
				F387CF0A2A010EBE0084AD4E /* LaunchScreen.storyboard in Resources */,
				F39C87EF2A01981C00F6C6F7 /* CartStoryboard.storyboard in Resources */,
				F387CF072A010EBE0084AD4E /* Assets.xcassets in Resources */,
				F39C87D92A01201600F6C6F7 /* Menu.storyboard in Resources */,
			);
			runOnlyForDeploymentPostprocessing = 0;
		};
/* End PBXResourcesBuildPhase section */

/* Begin PBXSourcesBuildPhase section */
		F387CEF62A010EBC0084AD4E /* Sources */ = {
			isa = PBXSourcesBuildPhase;
			buildActionMask = 2147483647;
			files = (
				F39C87D72A011DF200F6C6F7 /* TabBarViewController.swift in Sources */,
				F387CF022A010EBC0084AD4E /* ViewController.swift in Sources */,
				F387CEFE2A010EBC0084AD4E /* AppDelegate.swift in Sources */,
				F39C87E92A014F1C00F6C6F7 /* MenuDetailsViewController.swift in Sources */,
				F39C87F12A01984700F6C6F7 /* CartViewController.swift in Sources */,
				F387CF002A010EBC0084AD4E /* SceneDelegate.swift in Sources */,
				F39C87DD2A0124C000F6C6F7 /* MenuListViewController.swift in Sources */,
				F39C87DF2A0129A200F6C6F7 /* MenuCafe.swift in Sources */,
			);
			runOnlyForDeploymentPostprocessing = 0;
		};
/* End PBXSourcesBuildPhase section */

/* Begin PBXVariantGroup section */
		F387CF082A010EBE0084AD4E /* LaunchScreen.storyboard */ = {
			isa = PBXVariantGroup;
			children = (
				F387CF092A010EBE0084AD4E /* Base */,
			);
			name = LaunchScreen.storyboard;
			sourceTree = "<group>";
		};
/* End PBXVariantGroup section */

/* Begin XCBuildConfiguration section */
		F387CF0C2A010EBE0084AD4E /* Debug */ = {
			isa = XCBuildConfiguration;
			buildSettings = {
				ALWAYS_SEARCH_USER_PATHS = NO;
				CLANG_ANALYZER_NONNULL = YES;
				CLANG_ANALYZER_NUMBER_OBJECT_CONVERSION = YES_AGGRESSIVE;
				CLANG_CXX_LANGUAGE_STANDARD = "gnu++20";
				CLANG_ENABLE_MODULES = YES;
				CLANG_ENABLE_OBJC_ARC = YES;
				CLANG_ENABLE_OBJC_WEAK = YES;
				CLANG_WARN_BLOCK_CAPTURE_AUTORELEASING = YES;
				CLANG_WARN_BOOL_CONVERSION = YES;
				CLANG_WARN_COMMA = YES;
				CLANG_WARN_CONSTANT_CONVERSION = YES;
				CLANG_WARN_DEPRECATED_OBJC_IMPLEMENTATIONS = YES;
				CLANG_WARN_DIRECT_OBJC_ISA_USAGE = YES_ERROR;
				CLANG_WARN_DOCUMENTATION_COMMENTS = YES;
				CLANG_WARN_EMPTY_BODY = YES;
				CLANG_WARN_ENUM_CONVERSION = YES;
				CLANG_WARN_INFINITE_RECURSION = YES;
				CLANG_WARN_INT_CONVERSION = YES;
				CLANG_WARN_NON_LITERAL_NULL_CONVERSION = YES;
				CLANG_WARN_OBJC_IMPLICIT_RETAIN_SELF = YES;
				CLANG_WARN_OBJC_LITERAL_CONVERSION = YES;
				CLANG_WARN_OBJC_ROOT_CLASS = YES_ERROR;
				CLANG_WARN_QUOTED_INCLUDE_IN_FRAMEWORK_HEADER = YES;
				CLANG_WARN_RANGE_LOOP_ANALYSIS = YES;
				CLANG_WARN_STRICT_PROTOTYPES = YES;
				CLANG_WARN_SUSPICIOUS_MOVE = YES;
				CLANG_WARN_UNGUARDED_AVAILABILITY = YES_AGGRESSIVE;
				CLANG_WARN_UNREACHABLE_CODE = YES;
				CLANG_WARN__DUPLICATE_METHOD_MATCH = YES;
				COPY_PHASE_STRIP = NO;
				DEBUG_INFORMATION_FORMAT = dwarf;
				ENABLE_STRICT_OBJC_MSGSEND = YES;
				ENABLE_TESTABILITY = YES;
				GCC_C_LANGUAGE_STANDARD = gnu11;
				GCC_DYNAMIC_NO_PIC = NO;
				GCC_NO_COMMON_BLOCKS = YES;
				GCC_OPTIMIZATION_LEVEL = 0;
				GCC_PREPROCESSOR_DEFINITIONS = (
					"DEBUG=1",
					"$(inherited)",
				);
				GCC_WARN_64_TO_32_BIT_CONVERSION = YES;
				GCC_WARN_ABOUT_RETURN_TYPE = YES_ERROR;
				GCC_WARN_UNDECLARED_SELECTOR = YES;
				GCC_WARN_UNINITIALIZED_AUTOS = YES_AGGRESSIVE;
				GCC_WARN_UNUSED_FUNCTION = YES;
				GCC_WARN_UNUSED_VARIABLE = YES;
				IPHONEOS_DEPLOYMENT_TARGET = 16.4;
				MTL_ENABLE_DEBUG_INFO = INCLUDE_SOURCE;
				MTL_FAST_MATH = YES;
				ONLY_ACTIVE_ARCH = YES;
				SDKROOT = iphoneos;
				SWIFT_ACTIVE_COMPILATION_CONDITIONS = DEBUG;
				SWIFT_OPTIMIZATION_LEVEL = "-Onone";
			};
			name = Debug;
		};
		F387CF0D2A010EBE0084AD4E /* Release */ = {
			isa = XCBuildConfiguration;
			buildSettings = {
				ALWAYS_SEARCH_USER_PATHS = NO;
				CLANG_ANALYZER_NONNULL = YES;
				CLANG_ANALYZER_NUMBER_OBJECT_CONVERSION = YES_AGGRESSIVE;
				CLANG_CXX_LANGUAGE_STANDARD = "gnu++20";
				CLANG_ENABLE_MODULES = YES;
				CLANG_ENABLE_OBJC_ARC = YES;
				CLANG_ENABLE_OBJC_WEAK = YES;
				CLANG_WARN_BLOCK_CAPTURE_AUTORELEASING = YES;
				CLANG_WARN_BOOL_CONVERSION = YES;
				CLANG_WARN_COMMA = YES;
				CLANG_WARN_CONSTANT_CONVERSION = YES;
				CLANG_WARN_DEPRECATED_OBJC_IMPLEMENTATIONS = YES;
				CLANG_WARN_DIRECT_OBJC_ISA_USAGE = YES_ERROR;
				CLANG_WARN_DOCUMENTATION_COMMENTS = YES;
				CLANG_WARN_EMPTY_BODY = YES;
				CLANG_WARN_ENUM_CONVERSION = YES;
				CLANG_WARN_INFINITE_RECURSION = YES;
				CLANG_WARN_INT_CONVERSION = YES;
				CLANG_WARN_NON_LITERAL_NULL_CONVERSION = YES;
				CLANG_WARN_OBJC_IMPLICIT_RETAIN_SELF = YES;
				CLANG_WARN_OBJC_LITERAL_CONVERSION = YES;
				CLANG_WARN_OBJC_ROOT_CLASS = YES_ERROR;
				CLANG_WARN_QUOTED_INCLUDE_IN_FRAMEWORK_HEADER = YES;
				CLANG_WARN_RANGE_LOOP_ANALYSIS = YES;
				CLANG_WARN_STRICT_PROTOTYPES = YES;
				CLANG_WARN_SUSPICIOUS_MOVE = YES;
				CLANG_WARN_UNGUARDED_AVAILABILITY = YES_AGGRESSIVE;
				CLANG_WARN_UNREACHABLE_CODE = YES;
				CLANG_WARN__DUPLICATE_METHOD_MATCH = YES;
				COPY_PHASE_STRIP = NO;
				DEBUG_INFORMATION_FORMAT = "dwarf-with-dsym";
				ENABLE_NS_ASSERTIONS = NO;
				ENABLE_STRICT_OBJC_MSGSEND = YES;
				GCC_C_LANGUAGE_STANDARD = gnu11;
				GCC_NO_COMMON_BLOCKS = YES;
				GCC_WARN_64_TO_32_BIT_CONVERSION = YES;
				GCC_WARN_ABOUT_RETURN_TYPE = YES_ERROR;
				GCC_WARN_UNDECLARED_SELECTOR = YES;
				GCC_WARN_UNINITIALIZED_AUTOS = YES_AGGRESSIVE;
				GCC_WARN_UNUSED_FUNCTION = YES;
				GCC_WARN_UNUSED_VARIABLE = YES;
				IPHONEOS_DEPLOYMENT_TARGET = 16.4;
				MTL_ENABLE_DEBUG_INFO = NO;
				MTL_FAST_MATH = YES;
				SDKROOT = iphoneos;
				SWIFT_COMPILATION_MODE = wholemodule;
				SWIFT_OPTIMIZATION_LEVEL = "-O";
				VALIDATE_PRODUCT = YES;
			};
			name = Release;
		};
		F387CF0F2A010EBE0084AD4E /* Debug */ = {
			isa = XCBuildConfiguration;
			buildSettings = {
				ASSETCATALOG_COMPILER_APPICON_NAME = AppIcon;
				ASSETCATALOG_COMPILER_GLOBAL_ACCENT_COLOR_NAME = AccentColor;
				CODE_SIGN_STYLE = Automatic;
				CURRENT_PROJECT_VERSION = 1;
				GENERATE_INFOPLIST_FILE = YES;
				INFOPLIST_FILE = SBCafe/Info.plist;
				INFOPLIST_KEY_UIApplicationSupportsIndirectInputEvents = YES;
				INFOPLIST_KEY_UILaunchStoryboardName = LaunchScreen;
				INFOPLIST_KEY_UIMainStoryboardFile = Main;
				INFOPLIST_KEY_UISupportedInterfaceOrientations = UIInterfaceOrientationPortrait;
				INFOPLIST_KEY_UISupportedInterfaceOrientations_iPad = "UIInterfaceOrientationLandscapeLeft UIInterfaceOrientationLandscapeRight UIInterfaceOrientationPortrait UIInterfaceOrientationPortraitUpsideDown";
				LD_RUNPATH_SEARCH_PATHS = (
					"$(inherited)",
					"@executable_path/Frameworks",
				);
				MARKETING_VERSION = 1.0;
				PRODUCT_BUNDLE_IDENTIFIER = ru.SBCafe;
				PRODUCT_NAME = "$(TARGET_NAME)";
				SUPPORTED_PLATFORMS = "iphoneos iphonesimulator";
				SUPPORTS_MACCATALYST = NO;
				SUPPORTS_MAC_DESIGNED_FOR_IPHONE_IPAD = NO;
				SWIFT_EMIT_LOC_STRINGS = YES;
				SWIFT_VERSION = 5.0;
				TARGETED_DEVICE_FAMILY = 1;
			};
			name = Debug;
		};
		F387CF102A010EBE0084AD4E /* Release */ = {
			isa = XCBuildConfiguration;
			buildSettings = {
				ASSETCATALOG_COMPILER_APPICON_NAME = AppIcon;
				ASSETCATALOG_COMPILER_GLOBAL_ACCENT_COLOR_NAME = AccentColor;
				CODE_SIGN_STYLE = Automatic;
				CURRENT_PROJECT_VERSION = 1;
				GENERATE_INFOPLIST_FILE = YES;
				INFOPLIST_FILE = SBCafe/Info.plist;
				INFOPLIST_KEY_UIApplicationSupportsIndirectInputEvents = YES;
				INFOPLIST_KEY_UILaunchStoryboardName = LaunchScreen;
				INFOPLIST_KEY_UIMainStoryboardFile = Main;
				INFOPLIST_KEY_UISupportedInterfaceOrientations = UIInterfaceOrientationPortrait;
				INFOPLIST_KEY_UISupportedInterfaceOrientations_iPad = "UIInterfaceOrientationLandscapeLeft UIInterfaceOrientationLandscapeRight UIInterfaceOrientationPortrait UIInterfaceOrientationPortraitUpsideDown";
				LD_RUNPATH_SEARCH_PATHS = (
					"$(inherited)",
					"@executable_path/Frameworks",
				);
				MARKETING_VERSION = 1.0;
				PRODUCT_BUNDLE_IDENTIFIER = ru.SBCafe;
				PRODUCT_NAME = "$(TARGET_NAME)";
				SUPPORTED_PLATFORMS = "iphoneos iphonesimulator";
				SUPPORTS_MACCATALYST = NO;
				SUPPORTS_MAC_DESIGNED_FOR_IPHONE_IPAD = NO;
				SWIFT_EMIT_LOC_STRINGS = YES;
				SWIFT_VERSION = 5.0;
				TARGETED_DEVICE_FAMILY = 1;
			};
			name = Release;
		};
/* End XCBuildConfiguration section */

/* Begin XCConfigurationList section */
		F387CEF52A010EBC0084AD4E /* Build configuration list for PBXProject "SBCafe" */ = {
			isa = XCConfigurationList;
			buildConfigurations = (
				F387CF0C2A010EBE0084AD4E /* Debug */,
				F387CF0D2A010EBE0084AD4E /* Release */,
			);
			defaultConfigurationIsVisible = 0;
			defaultConfigurationName = Release;
		};
		F387CF0E2A010EBE0084AD4E /* Build configuration list for PBXNativeTarget "SBCafe" */ = {
			isa = XCConfigurationList;
			buildConfigurations = (
				F387CF0F2A010EBE0084AD4E /* Debug */,
				F387CF102A010EBE0084AD4E /* Release */,
			);
			defaultConfigurationIsVisible = 0;
			defaultConfigurationName = Release;
		};
/* End XCConfigurationList section */
	};
	rootObject = F387CEF22A010EBC0084AD4E /* Project object */;
}
